// !$*UTF8*$!
{
	archiveVersion = 1;
	classes = {
	};
	objectVersion = 50;
	objects = {

/* Begin PBXBuildFile section */
		BE425D6E231390AC004AB552 /* AppDelegate.swift in Sources */ = {isa = PBXBuildFile; fileRef = BE425D6D231390AC004AB552 /* AppDelegate.swift */; };
		BE425D70231390AC004AB552 /* ViewController.swift in Sources */ = {isa = PBXBuildFile; fileRef = BE425D6F231390AC004AB552 /* ViewController.swift */; };
		BE425D73231390AC004AB552 /* Main.storyboard in Resources */ = {isa = PBXBuildFile; fileRef = BE425D71231390AC004AB552 /* Main.storyboard */; };
		BE425D75231390AD004AB552 /* Assets.xcassets in Resources */ = {isa = PBXBuildFile; fileRef = BE425D74231390AD004AB552 /* Assets.xcassets */; };
		BE425D78231390AD004AB552 /* LaunchScreen.storyboard in Resources */ = {isa = PBXBuildFile; fileRef = BE425D76231390AD004AB552 /* LaunchScreen.storyboard */; };
		BE425D9E2313A409004AB552 /* MoreTapViewController.swift in Sources */ = {isa = PBXBuildFile; fileRef = BE425D9D2313A409004AB552 /* MoreTapViewController.swift */; };
		BE425DA02313B31C004AB552 /* MyPageViewController.swift in Sources */ = {isa = PBXBuildFile; fileRef = BE425D9F2313B31C004AB552 /* MyPageViewController.swift */; };
		BE425DA22313B345004AB552 /* QnAViewController.swift in Sources */ = {isa = PBXBuildFile; fileRef = BE425DA12313B345004AB552 /* QnAViewController.swift */; };
		BE425DA42313B354004AB552 /* AlertBoxViewController.swift in Sources */ = {isa = PBXBuildFile; fileRef = BE425DA32313B354004AB552 /* AlertBoxViewController.swift */; };
		FE6B8C38A4D2EF6C55BC7F76 /* Pods_myPage.framework in Frameworks */ = {isa = PBXBuildFile; fileRef = D0B8F6B0923864CB08243378 /* Pods_myPage.framework */; };
/* End PBXBuildFile section */

/* Begin PBXFileReference section */
		BE425D6A231390AC004AB552 /* myPage.app */ = {isa = PBXFileReference; explicitFileType = wrapper.application; includeInIndex = 0; path = myPage.app; sourceTree = BUILT_PRODUCTS_DIR; };
		BE425D6D231390AC004AB552 /* AppDelegate.swift */ = {isa = PBXFileReference; lastKnownFileType = sourcecode.swift; path = AppDelegate.swift; sourceTree = "<group>"; };
		BE425D6F231390AC004AB552 /* ViewController.swift */ = {isa = PBXFileReference; lastKnownFileType = sourcecode.swift; path = ViewController.swift; sourceTree = "<group>"; };
		BE425D72231390AC004AB552 /* Base */ = {isa = PBXFileReference; lastKnownFileType = file.storyboard; name = Base; path = Base.lproj/Main.storyboard; sourceTree = "<group>"; };
		BE425D74231390AD004AB552 /* Assets.xcassets */ = {isa = PBXFileReference; lastKnownFileType = folder.assetcatalog; path = Assets.xcassets; sourceTree = "<group>"; };
		BE425D77231390AD004AB552 /* Base */ = {isa = PBXFileReference; lastKnownFileType = file.storyboard; name = Base; path = Base.lproj/LaunchScreen.storyboard; sourceTree = "<group>"; };
		BE425D79231390AD004AB552 /* Info.plist */ = {isa = PBXFileReference; lastKnownFileType = text.plist.xml; path = Info.plist; sourceTree = "<group>"; };
		BE425D9D2313A409004AB552 /* MoreTapViewController.swift */ = {isa = PBXFileReference; lastKnownFileType = sourcecode.swift; path = MoreTapViewController.swift; sourceTree = "<group>"; };
		BE425D9F2313B31C004AB552 /* MyPageViewController.swift */ = {isa = PBXFileReference; lastKnownFileType = sourcecode.swift; path = MyPageViewController.swift; sourceTree = "<group>"; };
		BE425DA12313B345004AB552 /* QnAViewController.swift */ = {isa = PBXFileReference; lastKnownFileType = sourcecode.swift; path = QnAViewController.swift; sourceTree = "<group>"; };
		BE425DA32313B354004AB552 /* AlertBoxViewController.swift */ = {isa = PBXFileReference; lastKnownFileType = sourcecode.swift; path = AlertBoxViewController.swift; sourceTree = "<group>"; };
		CB07DD4B8E233CE4A70F9D4E /* Pods-myPage.release.xcconfig */ = {isa = PBXFileReference; includeInIndex = 1; lastKnownFileType = text.xcconfig; name = "Pods-myPage.release.xcconfig"; path = "Target Support Files/Pods-myPage/Pods-myPage.release.xcconfig"; sourceTree = "<group>"; };
		D085237C1057F692DAB89EAE /* Pods-myPage.debug.xcconfig */ = {isa = PBXFileReference; includeInIndex = 1; lastKnownFileType = text.xcconfig; name = "Pods-myPage.debug.xcconfig"; path = "Target Support Files/Pods-myPage/Pods-myPage.debug.xcconfig"; sourceTree = "<group>"; };
		D0B8F6B0923864CB08243378 /* Pods_myPage.framework */ = {isa = PBXFileReference; explicitFileType = wrapper.framework; includeInIndex = 0; path = Pods_myPage.framework; sourceTree = BUILT_PRODUCTS_DIR; };
/* End PBXFileReference section */

/* Begin PBXFrameworksBuildPhase section */
		BE425D67231390AC004AB552 /* Frameworks */ = {
			isa = PBXFrameworksBuildPhase;
			buildActionMask = 2147483647;
			files = (
				FE6B8C38A4D2EF6C55BC7F76 /* Pods_myPage.framework in Frameworks */,
			);
			runOnlyForDeploymentPostprocessing = 0;
		};
/* End PBXFrameworksBuildPhase section */

/* Begin PBXGroup section */
		41D11B890F734503ACFDA4B8 /* Frameworks */ = {
			isa = PBXGroup;
			children = (
				D0B8F6B0923864CB08243378 /* Pods_myPage.framework */,
			);
			name = Frameworks;
			sourceTree = "<group>";
		};
		8D565424707D8D26984895EE /* Pods */ = {
			isa = PBXGroup;
			children = (
				D085237C1057F692DAB89EAE /* Pods-myPage.debug.xcconfig */,
				CB07DD4B8E233CE4A70F9D4E /* Pods-myPage.release.xcconfig */,
			);
			name = Pods;
			path = Pods;
			sourceTree = "<group>";
		};
		BE425D61231390AC004AB552 = {
			isa = PBXGroup;
			children = (
				BE425D6C231390AC004AB552 /* myPage */,
				BE425D6B231390AC004AB552 /* Products */,
				8D565424707D8D26984895EE /* Pods */,
				41D11B890F734503ACFDA4B8 /* Frameworks */,
			);
			sourceTree = "<group>";
		};
		BE425D6B231390AC004AB552 /* Products */ = {
			isa = PBXGroup;
			children = (
				BE425D6A231390AC004AB552 /* myPage.app */,
			);
			name = Products;
			sourceTree = "<group>";
		};
		BE425D6C231390AC004AB552 /* myPage */ = {
			isa = PBXGroup;
			children = (
				BE425D6D231390AC004AB552 /* AppDelegate.swift */,
				BE425D6F231390AC004AB552 /* ViewController.swift */,
				BE425D71231390AC004AB552 /* Main.storyboard */,
				BE425D74231390AD004AB552 /* Assets.xcassets */,
				BE425D76231390AD004AB552 /* LaunchScreen.storyboard */,
				BE425D79231390AD004AB552 /* Info.plist */,
				BE425D9D2313A409004AB552 /* MoreTapViewController.swift */,
				BE425D9F2313B31C004AB552 /* MyPageViewController.swift */,
				BE425DA12313B345004AB552 /* QnAViewController.swift */,
				BE425DA32313B354004AB552 /* AlertBoxViewController.swift */,
			);
			path = myPage;
			sourceTree = "<group>";
		};
/* End PBXGroup section */

/* Begin PBXNativeTarget section */
		BE425D69231390AC004AB552 /* myPage */ = {
			isa = PBXNativeTarget;
			buildConfigurationList = BE425D7C231390AD004AB552 /* Build configuration list for PBXNativeTarget "myPage" */;
			buildPhases = (
				150EFB8E061F2686A4CF44C5 /* [CP] Check Pods Manifest.lock */,
				BE425D66231390AC004AB552 /* Sources */,
				BE425D67231390AC004AB552 /* Frameworks */,
				BE425D68231390AC004AB552 /* Resources */,
				B83D88FFD0DAA317C4FF9F8A /* [CP] Embed Pods Frameworks */,
			);
			buildRules = (
			);
			dependencies = (
			);
			name = myPage;
			productName = myPage;
			productReference = BE425D6A231390AC004AB552 /* myPage.app */;
			productType = "com.apple.product-type.application";
		};
/* End PBXNativeTarget section */

/* Begin PBXProject section */
		BE425D62231390AC004AB552 /* Project object */ = {
			isa = PBXProject;
			attributes = {
				LastSwiftUpdateCheck = 1030;
				LastUpgradeCheck = 1030;
				ORGANIZATIONNAME = "혜빈";
				TargetAttributes = {
					BE425D69231390AC004AB552 = {
						CreatedOnToolsVersion = 10.3;
					};
				};
			};
			buildConfigurationList = BE425D65231390AC004AB552 /* Build configuration list for PBXProject "myPage" */;
			compatibilityVersion = "Xcode 9.3";
			developmentRegion = en;
			hasScannedForEncodings = 0;
			knownRegions = (
				en,
				Base,
			);
			mainGroup = BE425D61231390AC004AB552;
			productRefGroup = BE425D6B231390AC004AB552 /* Products */;
			projectDirPath = "";
			projectRoot = "";
			targets = (
				BE425D69231390AC004AB552 /* myPage */,
			);
		};
/* End PBXProject section */

/* Begin PBXResourcesBuildPhase section */
		BE425D68231390AC004AB552 /* Resources */ = {
			isa = PBXResourcesBuildPhase;
			buildActionMask = 2147483647;
			files = (
				BE425D78231390AD004AB552 /* LaunchScreen.storyboard in Resources */,
				BE425D75231390AD004AB552 /* Assets.xcassets in Resources */,
				BE425D73231390AC004AB552 /* Main.storyboard in Resources */,
			);
			runOnlyForDeploymentPostprocessing = 0;
		};
/* End PBXResourcesBuildPhase section */

/* Begin PBXShellScriptBuildPhase section */
		150EFB8E061F2686A4CF44C5 /* [CP] Check Pods Manifest.lock */ = {
			isa = PBXShellScriptBuildPhase;
			buildActionMask = 2147483647;
			files = (
			);
			inputFileListPaths = (
			);
			inputPaths = (
				"${PODS_PODFILE_DIR_PATH}/Podfile.lock",
				"${PODS_ROOT}/Manifest.lock",
			);
			name = "[CP] Check Pods Manifest.lock";
			outputFileListPaths = (
			);
			outputPaths = (
				"$(DERIVED_FILE_DIR)/Pods-myPage-checkManifestLockResult.txt",
			);
			runOnlyForDeploymentPostprocessing = 0;
			shellPath = /bin/sh;
			shellScript = "diff \"${PODS_PODFILE_DIR_PATH}/Podfile.lock\" \"${PODS_ROOT}/Manifest.lock\" > /dev/null\nif [ $? != 0 ] ; then\n    # print error to STDERR\n    echo \"error: The sandbox is not in sync with the Podfile.lock. Run 'pod install' or update your CocoaPods installation.\" >&2\n    exit 1\nfi\n# This output is used by Xcode 'outputs' to avoid re-running this script phase.\necho \"SUCCESS\" > \"${SCRIPT_OUTPUT_FILE_0}\"\n";
			showEnvVarsInLog = 0;
		};
		B83D88FFD0DAA317C4FF9F8A /* [CP] Embed Pods Frameworks */ = {
			isa = PBXShellScriptBuildPhase;
			buildActionMask = 2147483647;
			files = (
			);
			inputFileListPaths = (
				"${PODS_ROOT}/Target Support Files/Pods-myPage/Pods-myPage-frameworks-${CONFIGURATION}-input-files.xcfilelist",
			);
			name = "[CP] Embed Pods Frameworks";
			outputFileListPaths = (
				"${PODS_ROOT}/Target Support Files/Pods-myPage/Pods-myPage-frameworks-${CONFIGURATION}-output-files.xcfilelist",
			);
			runOnlyForDeploymentPostprocessing = 0;
			shellPath = /bin/sh;
			shellScript = "\"${PODS_ROOT}/Target Support Files/Pods-myPage/Pods-myPage-frameworks.sh\"\n";
			showEnvVarsInLog = 0;
		};
/* End PBXShellScriptBuildPhase section */

/* Begin PBXSourcesBuildPhase section */
		BE425D66231390AC004AB552 /* Sources */ = {
			isa = PBXSourcesBuildPhase;
			buildActionMask = 2147483647;
			files = (
				BE425D70231390AC004AB552 /* ViewController.swift in Sources */,
				BE425D9E2313A409004AB552 /* MoreTapViewController.swift in Sources */,
				BE425D6E231390AC004AB552 /* AppDelegate.swift in Sources */,
				BE425DA22313B345004AB552 /* QnAViewController.swift in Sources */,
				BE425DA02313B31C004AB552 /* MyPageViewController.swift in Sources */,
				BE425DA42313B354004AB552 /* AlertBoxViewController.swift in Sources */,
			);
			runOnlyForDeploymentPostprocessing = 0;
		};
/* End PBXSourcesBuildPhase section */

/* Begin PBXVariantGroup section */
		BE425D71231390AC004AB552 /* Main.storyboard */ = {
			isa = PBXVariantGroup;
			children = (
				BE425D72231390AC004AB552 /* Base */,
			);
			name = Main.storyboard;
			sourceTree = "<group>";
		};
		BE425D76231390AD004AB552 /* LaunchScreen.storyboard */ = {
			isa = PBXVariantGroup;
			children = (
				BE425D77231390AD004AB552 /* Base */,
			);
			name = LaunchScreen.storyboard;
			sourceTree = "<group>";
		};
/* End PBXVariantGroup section */

/* Begin XCBuildConfiguration section */
		BE425D7A231390AD004AB552 /* Debug */ = {
			isa = XCBuildConfiguration;
			buildSettings = {
				ALWAYS_SEARCH_USER_PATHS = NO;
				CLANG_ANALYZER_NONNULL = YES;
				CLANG_ANALYZER_NUMBER_OBJECT_CONVERSION = YES_AGGRESSIVE;
				CLANG_CXX_LANGUAGE_STANDARD = "gnu++14";
				CLANG_CXX_LIBRARY = "libc++";
				CLANG_ENABLE_MODULES = YES;
				CLANG_ENABLE_OBJC_ARC = YES;
				CLANG_ENABLE_OBJC_WEAK = YES;
				CLANG_WARN_BLOCK_CAPTURE_AUTORELEASING = YES;
				CLANG_WARN_BOOL_CONVERSION = YES;
				CLANG_WARN_COMMA = YES;
				CLANG_WARN_CONSTANT_CONVERSION = YES;
				CLANG_WARN_DEPRECATED_OBJC_IMPLEMENTATIONS = YES;
				CLANG_WARN_DIRECT_OBJC_ISA_USAGE = YES_ERROR;
				CLANG_WARN_DOCUMENTATION_COMMENTS = YES;
				CLANG_WARN_EMPTY_BODY = YES;
				CLANG_WARN_ENUM_CONVERSION = YES;
				CLANG_WARN_INFINITE_RECURSION = YES;
				CLANG_WARN_INT_CONVERSION = YES;
				CLANG_WARN_NON_LITERAL_NULL_CONVERSION = YES;
				CLANG_WARN_OBJC_IMPLICIT_RETAIN_SELF = YES;
				CLANG_WARN_OBJC_LITERAL_CONVERSION = YES;
				CLANG_WARN_OBJC_ROOT_CLASS = YES_ERROR;
				CLANG_WARN_RANGE_LOOP_ANALYSIS = YES;
				CLANG_WARN_STRICT_PROTOTYPES = YES;
				CLANG_WARN_SUSPICIOUS_MOVE = YES;
				CLANG_WARN_UNGUARDED_AVAILABILITY = YES_AGGRESSIVE;
				CLANG_WARN_UNREACHABLE_CODE = YES;
				CLANG_WARN__DUPLICATE_METHOD_MATCH = YES;
				CODE_SIGN_IDENTITY = "iPhone Developer";
				COPY_PHASE_STRIP = NO;
				DEBUG_INFORMATION_FORMAT = dwarf;
				ENABLE_STRICT_OBJC_MSGSEND = YES;
				ENABLE_TESTABILITY = YES;
				GCC_C_LANGUAGE_STANDARD = gnu11;
				GCC_DYNAMIC_NO_PIC = NO;
				GCC_NO_COMMON_BLOCKS = YES;
				GCC_OPTIMIZATION_LEVEL = 0;
				GCC_PREPROCESSOR_DEFINITIONS = (
					"DEBUG=1",
					"$(inherited)",
				);
				GCC_WARN_64_TO_32_BIT_CONVERSION = YES;
				GCC_WARN_ABOUT_RETURN_TYPE = YES_ERROR;
				GCC_WARN_UNDECLARED_SELECTOR = YES;
				GCC_WARN_UNINITIALIZED_AUTOS = YES_AGGRESSIVE;
				GCC_WARN_UNUSED_FUNCTION = YES;
				GCC_WARN_UNUSED_VARIABLE = YES;
				IPHONEOS_DEPLOYMENT_TARGET = 12.4;
				MTL_ENABLE_DEBUG_INFO = INCLUDE_SOURCE;
				MTL_FAST_MATH = YES;
				ONLY_ACTIVE_ARCH = YES;
				SDKROOT = iphoneos;
				SWIFT_ACTIVE_COMPILATION_CONDITIONS = DEBUG;
				SWIFT_OPTIMIZATION_LEVEL = "-Onone";
			};
			name = Debug;
		};
		BE425D7B231390AD004AB552 /* Release */ = {
			isa = XCBuildConfiguration;
			buildSettings = {
				ALWAYS_SEARCH_USER_PATHS = NO;
				CLANG_ANALYZER_NONNULL = YES;
				CLANG_ANALYZER_NUMBER_OBJECT_CONVERSION = YES_AGGRESSIVE;
				CLANG_CXX_LANGUAGE_STANDARD = "gnu++14";
				CLANG_CXX_LIBRARY = "libc++";
				CLANG_ENABLE_MODULES = YES;
				CLANG_ENABLE_OBJC_ARC = YES;
				CLANG_ENABLE_OBJC_WEAK = YES;
				CLANG_WARN_BLOCK_CAPTURE_AUTORELEASING = YES;
				CLANG_WARN_BOOL_CONVERSION = YES;
				CLANG_WARN_COMMA = YES;
				CLANG_WARN_CONSTANT_CONVERSION = YES;
				CLANG_WARN_DEPRECATED_OBJC_IMPLEMENTATIONS = YES;
				CLANG_WARN_DIRECT_OBJC_ISA_USAGE = YES_ERROR;
				CLANG_WARN_DOCUMENTATION_COMMENTS = YES;
				CLANG_WARN_EMPTY_BODY = YES;
				CLANG_WARN_ENUM_CONVERSION = YES;
				CLANG_WARN_INFINITE_RECURSION = YES;
				CLANG_WARN_INT_CONVERSION = YES;
				CLANG_WARN_NON_LITERAL_NULL_CONVERSION = YES;
				CLANG_WARN_OBJC_IMPLICIT_RETAIN_SELF = YES;
				CLANG_WARN_OBJC_LITERAL_CONVERSION = YES;
				CLANG_WARN_OBJC_ROOT_CLASS = YES_ERROR;
				CLANG_WARN_RANGE_LOOP_ANALYSIS = YES;
				CLANG_WARN_STRICT_PROTOTYPES = YES;
				CLANG_WARN_SUSPICIOUS_MOVE = YES;
				CLANG_WARN_UNGUARDED_AVAILABILITY = YES_AGGRESSIVE;
				CLANG_WARN_UNREACHABLE_CODE = YES;
				CLANG_WARN__DUPLICATE_METHOD_MATCH = YES;
				CODE_SIGN_IDENTITY = "iPhone Developer";
				COPY_PHASE_STRIP = NO;
				DEBUG_INFORMATION_FORMAT = "dwarf-with-dsym";
				ENABLE_NS_ASSERTIONS = NO;
				ENABLE_STRICT_OBJC_MSGSEND = YES;
				GCC_C_LANGUAGE_STANDARD = gnu11;
				GCC_NO_COMMON_BLOCKS = YES;
				GCC_WARN_64_TO_32_BIT_CONVERSION = YES;
				GCC_WARN_ABOUT_RETURN_TYPE = YES_ERROR;
				GCC_WARN_UNDECLARED_SELECTOR = YES;
				GCC_WARN_UNINITIALIZED_AUTOS = YES_AGGRESSIVE;
				GCC_WARN_UNUSED_FUNCTION = YES;
				GCC_WARN_UNUSED_VARIABLE = YES;
				IPHONEOS_DEPLOYMENT_TARGET = 12.4;
				MTL_ENABLE_DEBUG_INFO = NO;
				MTL_FAST_MATH = YES;
				SDKROOT = iphoneos;
				SWIFT_COMPILATION_MODE = wholemodule;
				SWIFT_OPTIMIZATION_LEVEL = "-O";
				VALIDATE_PRODUCT = YES;
			};
			name = Release;
		};
		BE425D7D231390AD004AB552 /* Debug */ = {
			isa = XCBuildConfiguration;
			baseConfigurationReference = D085237C1057F692DAB89EAE /* Pods-myPage.debug.xcconfig */;
			buildSettings = {
				ASSETCATALOG_COMPILER_APPICON_NAME = AppIcon;
				CODE_SIGN_STYLE = Automatic;
				DEVELOPMENT_TEAM = 3T52HYUB6U;
				INFOPLIST_FILE = myPage/Info.plist;
				LD_RUNPATH_SEARCH_PATHS = (
					"$(inherited)",
					"@executable_path/Frameworks",
				);
				PRODUCT_BUNDLE_IDENTIFIER = kk.myPage;
				PRODUCT_NAME = "$(TARGET_NAME)";
				SWIFT_VERSION = 5.0;
				TARGETED_DEVICE_FAMILY = "1,2";
			};
			name = Debug;
		};
		BE425D7E231390AD004AB552 /* Release */ = {
			isa = XCBuildConfiguration;
			baseConfigurationReference = CB07DD4B8E233CE4A70F9D4E /* Pods-myPage.release.xcconfig */;
			buildSettings = {
				ASSETCATALOG_COMPILER_APPICON_NAME = AppIcon;
				CODE_SIGN_STYLE = Automatic;
				DEVELOPMENT_TEAM = 3T52HYUB6U;
				INFOPLIST_FILE = myPage/Info.plist;
				LD_RUNPATH_SEARCH_PATHS = (
					"$(inherited)",
					"@executable_path/Frameworks",
				);
				PRODUCT_BUNDLE_IDENTIFIER = kk.myPage;
				PRODUCT_NAME = "$(TARGET_NAME)";
				SWIFT_VERSION = 5.0;
				TARGETED_DEVICE_FAMILY = "1,2";
			};
			name = Release;
		};
/* End XCBuildConfiguration section */

/* Begin XCConfigurationList section */
		BE425D65231390AC004AB552 /* Build configuration list for PBXProject "myPage" */ = {
			isa = XCConfigurationList;
			buildConfigurations = (
				BE425D7A231390AD004AB552 /* Debug */,
				BE425D7B231390AD004AB552 /* Release */,
			);
			defaultConfigurationIsVisible = 0;
			defaultConfigurationName = Release;
		};
		BE425D7C231390AD004AB552 /* Build configuration list for PBXNativeTarget "myPage" */ = {
			isa = XCConfigurationList;
			buildConfigurations = (
				BE425D7D231390AD004AB552 /* Debug */,
				BE425D7E231390AD004AB552 /* Release */,
			);
			defaultConfigurationIsVisible = 0;
			defaultConfigurationName = Release;
		};
/* End XCConfigurationList section */
	};
	rootObject = BE425D62231390AC004AB552 /* Project object */;
}
